// !$*UTF8*$!
{
	archiveVersion = 1;
	classes = {
	};
	objectVersion = 55;
	objects = {

/* Begin PBXBuildFile section */
		4F182B8428B67687008790D2 /* drinks.json in Resources */ = {isa = PBXBuildFile; fileRef = 4F182B8328B67686008790D2 /* drinks.json */; };
		4F182B8E28B6A4FE008790D2 /* ServiceLayer.swift in Sources */ = {isa = PBXBuildFile; fileRef = 4F182B8D28B6A4FE008790D2 /* ServiceLayer.swift */; };
		4F182B9028B6A536008790D2 /* NetworkError.swift in Sources */ = {isa = PBXBuildFile; fileRef = 4F182B8F28B6A536008790D2 /* NetworkError.swift */; };
		4F182B9228B6A54A008790D2 /* RequestModel.swift in Sources */ = {isa = PBXBuildFile; fileRef = 4F182B9128B6A54A008790D2 /* RequestModel.swift */; };
		4F182B9828B6A822008790D2 /* HomePresenter.swift in Sources */ = {isa = PBXBuildFile; fileRef = 4F182B9728B6A822008790D2 /* HomePresenter.swift */; };
		4F182B9B28B6A840008790D2 /* HomeProvider.swift in Sources */ = {isa = PBXBuildFile; fileRef = 4F182B9A28B6A840008790D2 /* HomeProvider.swift */; };
		4F21BD9B28BD78BB008B755D /* MockManager.swift in Sources */ = {isa = PBXBuildFile; fileRef = 4F21BD9A28BD78BB008B755D /* MockManager.swift */; };
		4F21BD9D28BD791D008B755D /* HomeProviderMock.swift in Sources */ = {isa = PBXBuildFile; fileRef = 4F21BD9C28BD791D008B755D /* HomeProviderMock.swift */; };
		4F21BD9F28BD79C0008B755D /* Utils.swift in Sources */ = {isa = PBXBuildFile; fileRef = 4F21BD9E28BD79C0008B755D /* Utils.swift */; };
		4F4E727028B5688A002D8C4F /* AppDelegate.swift in Sources */ = {isa = PBXBuildFile; fileRef = 4F4E726F28B5688A002D8C4F /* AppDelegate.swift */; };
		4F4E727228B5688A002D8C4F /* SceneDelegate.swift in Sources */ = {isa = PBXBuildFile; fileRef = 4F4E727128B5688A002D8C4F /* SceneDelegate.swift */; };
		4F4E727428B5688A002D8C4F /* ViewController.swift in Sources */ = {isa = PBXBuildFile; fileRef = 4F4E727328B5688A002D8C4F /* ViewController.swift */; };
		4F4E727728B5688A002D8C4F /* Main.storyboard in Resources */ = {isa = PBXBuildFile; fileRef = 4F4E727528B5688A002D8C4F /* Main.storyboard */; };
		4F4E727928B5688E002D8C4F /* Assets.xcassets in Resources */ = {isa = PBXBuildFile; fileRef = 4F4E727828B5688E002D8C4F /* Assets.xcassets */; };
		4F4E727C28B5688E002D8C4F /* LaunchScreen.storyboard in Resources */ = {isa = PBXBuildFile; fileRef = 4F4E727A28B5688E002D8C4F /* LaunchScreen.storyboard */; };
		4F4E728D28B56F7C002D8C4F /* StyleCellView.swift in Sources */ = {isa = PBXBuildFile; fileRef = 4F4E728C28B56F7C002D8C4F /* StyleCellView.swift */; };
		4F4E729128B57687002D8C4F /* ProductViewCell.swift in Sources */ = {isa = PBXBuildFile; fileRef = 4F4E728F28B57687002D8C4F /* ProductViewCell.swift */; };
		4F4E729228B57687002D8C4F /* ProductViewCell.xib in Resources */ = {isa = PBXBuildFile; fileRef = 4F4E729028B57687002D8C4F /* ProductViewCell.xib */; };
		4F4E729528B578A3002D8C4F /* HomeViewController.swift in Sources */ = {isa = PBXBuildFile; fileRef = 4F4E729328B578A3002D8C4F /* HomeViewController.swift */; };
		4F4E729928B57C23002D8C4F /* ModelProduct.swift in Sources */ = {isa = PBXBuildFile; fileRef = 4F4E729828B57C23002D8C4F /* ModelProduct.swift */; };
		4F4E729C28B57D25002D8C4F /* DetailProductViewController.swift in Sources */ = {isa = PBXBuildFile; fileRef = 4F4E729A28B57D25002D8C4F /* DetailProductViewController.swift */; };
		4F4E729D28B57D25002D8C4F /* DetailProductViewController.xib in Resources */ = {isa = PBXBuildFile; fileRef = 4F4E729B28B57D25002D8C4F /* DetailProductViewController.xib */; };
		4F55B9D628BBFE2F00EF6EE4 /* GoogleService-Info.plist in Resources */ = {isa = PBXBuildFile; fileRef = 4F55B9D528BBFE2E00EF6EE4 /* GoogleService-Info.plist */; };
		4F55B9D928BC1DF000EF6EE4 /* LoginViewController.swift in Sources */ = {isa = PBXBuildFile; fileRef = 4F55B9D828BC1DF000EF6EE4 /* LoginViewController.swift */; };
		4F6D112F28BE9E1600541557 /* HomePresenterTests.swift in Sources */ = {isa = PBXBuildFile; fileRef = 4F6D112E28BE9E1600541557 /* HomePresenterTests.swift */; };
		C081EDEA97B863B5E4AF6B1E /* Pods_ProductApp_Challenge.framework in Frameworks */ = {isa = PBXBuildFile; fileRef = 413E0ED7E778189E8D584BDE /* Pods_ProductApp_Challenge.framework */; };
/* End PBXBuildFile section */

/* Begin PBXContainerItemProxy section */
		4F6D112928BE9D2100541557 /* PBXContainerItemProxy */ = {
			isa = PBXContainerItemProxy;
			containerPortal = 4F4E726428B5688A002D8C4F /* Project object */;
			proxyType = 1;
			remoteGlobalIDString = 4F4E726B28B5688A002D8C4F;
			remoteInfo = "ProductApp-Challenge";
		};
/* End PBXContainerItemProxy section */

/* Begin PBXFileReference section */
		1D2691F7E5B374E0E5306EAE /* Pods-ProductApp-Challenge.debug.xcconfig */ = {isa = PBXFileReference; includeInIndex = 1; lastKnownFileType = text.xcconfig; name = "Pods-ProductApp-Challenge.debug.xcconfig"; path = "Target Support Files/Pods-ProductApp-Challenge/Pods-ProductApp-Challenge.debug.xcconfig"; sourceTree = "<group>"; };
		4072CF40FA3F4B5C6E2242E8 /* Pods-ProductApp-Challenge.release.xcconfig */ = {isa = PBXFileReference; includeInIndex = 1; lastKnownFileType = text.xcconfig; name = "Pods-ProductApp-Challenge.release.xcconfig"; path = "Target Support Files/Pods-ProductApp-Challenge/Pods-ProductApp-Challenge.release.xcconfig"; sourceTree = "<group>"; };
		413E0ED7E778189E8D584BDE /* Pods_ProductApp_Challenge.framework */ = {isa = PBXFileReference; explicitFileType = wrapper.framework; includeInIndex = 0; path = Pods_ProductApp_Challenge.framework; sourceTree = BUILT_PRODUCTS_DIR; };
		4F182B8328B67686008790D2 /* drinks.json */ = {isa = PBXFileReference; fileEncoding = 4; lastKnownFileType = text.json; path = drinks.json; sourceTree = "<group>"; };
		4F182B8D28B6A4FE008790D2 /* ServiceLayer.swift */ = {isa = PBXFileReference; lastKnownFileType = sourcecode.swift; path = ServiceLayer.swift; sourceTree = "<group>"; };
		4F182B8F28B6A536008790D2 /* NetworkError.swift */ = {isa = PBXFileReference; lastKnownFileType = sourcecode.swift; path = NetworkError.swift; sourceTree = "<group>"; };
		4F182B9128B6A54A008790D2 /* RequestModel.swift */ = {isa = PBXFileReference; lastKnownFileType = sourcecode.swift; path = RequestModel.swift; sourceTree = "<group>"; };
		4F182B9728B6A822008790D2 /* HomePresenter.swift */ = {isa = PBXFileReference; lastKnownFileType = sourcecode.swift; path = HomePresenter.swift; sourceTree = "<group>"; };
		4F182B9A28B6A840008790D2 /* HomeProvider.swift */ = {isa = PBXFileReference; lastKnownFileType = sourcecode.swift; path = HomeProvider.swift; sourceTree = "<group>"; };
		4F21BD9A28BD78BB008B755D /* MockManager.swift */ = {isa = PBXFileReference; lastKnownFileType = sourcecode.swift; path = MockManager.swift; sourceTree = "<group>"; };
		4F21BD9C28BD791D008B755D /* HomeProviderMock.swift */ = {isa = PBXFileReference; lastKnownFileType = sourcecode.swift; path = HomeProviderMock.swift; sourceTree = "<group>"; };
		4F21BD9E28BD79C0008B755D /* Utils.swift */ = {isa = PBXFileReference; lastKnownFileType = sourcecode.swift; path = Utils.swift; sourceTree = "<group>"; };
		4F4E726C28B5688A002D8C4F /* ProductApp-Challenge.app */ = {isa = PBXFileReference; explicitFileType = wrapper.application; includeInIndex = 0; path = "ProductApp-Challenge.app"; sourceTree = BUILT_PRODUCTS_DIR; };
		4F4E726F28B5688A002D8C4F /* AppDelegate.swift */ = {isa = PBXFileReference; lastKnownFileType = sourcecode.swift; path = AppDelegate.swift; sourceTree = "<group>"; };
		4F4E727128B5688A002D8C4F /* SceneDelegate.swift */ = {isa = PBXFileReference; lastKnownFileType = sourcecode.swift; path = SceneDelegate.swift; sourceTree = "<group>"; };
		4F4E727328B5688A002D8C4F /* ViewController.swift */ = {isa = PBXFileReference; lastKnownFileType = sourcecode.swift; path = ViewController.swift; sourceTree = "<group>"; };
		4F4E727628B5688A002D8C4F /* Base */ = {isa = PBXFileReference; lastKnownFileType = file.storyboard; name = Base; path = Base.lproj/Main.storyboard; sourceTree = "<group>"; };
		4F4E727828B5688E002D8C4F /* Assets.xcassets */ = {isa = PBXFileReference; lastKnownFileType = folder.assetcatalog; path = Assets.xcassets; sourceTree = "<group>"; };
		4F4E727B28B5688E002D8C4F /* Base */ = {isa = PBXFileReference; lastKnownFileType = file.storyboard; name = Base; path = Base.lproj/LaunchScreen.storyboard; sourceTree = "<group>"; };
		4F4E727D28B5688E002D8C4F /* Info.plist */ = {isa = PBXFileReference; lastKnownFileType = text.plist.xml; path = Info.plist; sourceTree = "<group>"; };
		4F4E728C28B56F7C002D8C4F /* StyleCellView.swift */ = {isa = PBXFileReference; lastKnownFileType = sourcecode.swift; path = StyleCellView.swift; sourceTree = "<group>"; };
		4F4E728F28B57687002D8C4F /* ProductViewCell.swift */ = {isa = PBXFileReference; lastKnownFileType = sourcecode.swift; path = ProductViewCell.swift; sourceTree = "<group>"; };
		4F4E729028B57687002D8C4F /* ProductViewCell.xib */ = {isa = PBXFileReference; lastKnownFileType = file.xib; path = ProductViewCell.xib; sourceTree = "<group>"; };
		4F4E729328B578A3002D8C4F /* HomeViewController.swift */ = {isa = PBXFileReference; lastKnownFileType = sourcecode.swift; path = HomeViewController.swift; sourceTree = "<group>"; };
		4F4E729828B57C23002D8C4F /* ModelProduct.swift */ = {isa = PBXFileReference; lastKnownFileType = sourcecode.swift; path = ModelProduct.swift; sourceTree = "<group>"; };
		4F4E729A28B57D25002D8C4F /* DetailProductViewController.swift */ = {isa = PBXFileReference; lastKnownFileType = sourcecode.swift; path = DetailProductViewController.swift; sourceTree = "<group>"; };
		4F4E729B28B57D25002D8C4F /* DetailProductViewController.xib */ = {isa = PBXFileReference; lastKnownFileType = file.xib; path = DetailProductViewController.xib; sourceTree = "<group>"; };
		4F55B9D528BBFE2E00EF6EE4 /* GoogleService-Info.plist */ = {isa = PBXFileReference; fileEncoding = 4; lastKnownFileType = text.plist.xml; name = "GoogleService-Info.plist"; path = "../../../XcodeProjects/Challenge/GoogleService-Info.plist"; sourceTree = "<group>"; };
		4F55B9D828BC1DF000EF6EE4 /* LoginViewController.swift */ = {isa = PBXFileReference; lastKnownFileType = sourcecode.swift; path = LoginViewController.swift; sourceTree = "<group>"; };
		4F6D112528BE9D2100541557 /* ProductApp-ChallengeTests.xctest */ = {isa = PBXFileReference; explicitFileType = wrapper.cfbundle; includeInIndex = 0; path = "ProductApp-ChallengeTests.xctest"; sourceTree = BUILT_PRODUCTS_DIR; };
		4F6D112E28BE9E1600541557 /* HomePresenterTests.swift */ = {isa = PBXFileReference; lastKnownFileType = sourcecode.swift; path = HomePresenterTests.swift; sourceTree = "<group>"; };
/* End PBXFileReference section */

/* Begin PBXFrameworksBuildPhase section */
		4F4E726928B5688A002D8C4F /* Frameworks */ = {
			isa = PBXFrameworksBuildPhase;
			buildActionMask = 2147483647;
			files = (
				C081EDEA97B863B5E4AF6B1E /* Pods_ProductApp_Challenge.framework in Frameworks */,
			);
			runOnlyForDeploymentPostprocessing = 0;
		};
		4F6D112228BE9D2100541557 /* Frameworks */ = {
			isa = PBXFrameworksBuildPhase;
			buildActionMask = 2147483647;
			files = (
			);
			runOnlyForDeploymentPostprocessing = 0;
		};
/* End PBXFrameworksBuildPhase section */

/* Begin PBXGroup section */
		4F182B8C28B6A4E1008790D2 /* NetworkService */ = {
			isa = PBXGroup;
			children = (
				4F182B8D28B6A4FE008790D2 /* ServiceLayer.swift */,
				4F182B8F28B6A536008790D2 /* NetworkError.swift */,
				4F182B9128B6A54A008790D2 /* RequestModel.swift */,
			);
			path = NetworkService;
			sourceTree = "<group>";
		};
		4F182B9328B6A7C1008790D2 /* Home */ = {
			isa = PBXGroup;
			children = (
				4F182B9428B6A7D0008790D2 /* Presenter */,
				4F182B9528B6A7D5008790D2 /* View */,
				4F182B9628B6A7DB008790D2 /* Model */,
			);
			path = Home;
			sourceTree = "<group>";
		};
		4F182B9428B6A7D0008790D2 /* Presenter */ = {
			isa = PBXGroup;
			children = (
				4F182B9728B6A822008790D2 /* HomePresenter.swift */,
			);
			path = Presenter;
			sourceTree = "<group>";
		};
		4F182B9528B6A7D5008790D2 /* View */ = {
			isa = PBXGroup;
			children = (
				4F4E728628B56D4C002D8C4F /* CustomCell */,
				4F4E729328B578A3002D8C4F /* HomeViewController.swift */,
			);
			path = View;
			sourceTree = "<group>";
		};
		4F182B9628B6A7DB008790D2 /* Model */ = {
			isa = PBXGroup;
			children = (
				4F182B9928B6A82A008790D2 /* Provider */,
			);
			path = Model;
			sourceTree = "<group>";
		};
		4F182B9928B6A82A008790D2 /* Provider */ = {
			isa = PBXGroup;
			children = (
				4F182B9A28B6A840008790D2 /* HomeProvider.swift */,
				4F21BD9C28BD791D008B755D /* HomeProviderMock.swift */,
			);
			path = Provider;
			sourceTree = "<group>";
		};
		4F21BD9928BD7885008B755D /* Mock */ = {
			isa = PBXGroup;
			children = (
				4F182B8328B67686008790D2 /* drinks.json */,
			);
			path = Mock;
			sourceTree = "<group>";
		};
		4F4E726328B5688A002D8C4F = {
			isa = PBXGroup;
			children = (
				4F4E726E28B5688A002D8C4F /* ProductApp-Challenge */,
				4F6D112628BE9D2100541557 /* ProductApp-ChallengeTests */,
				4F4E726D28B5688A002D8C4F /* Products */,
				65FBB252686432817793386B /* Pods */,
				7166288ADE5F553DBED18722 /* Frameworks */,
			);
			sourceTree = "<group>";
		};
		4F4E726D28B5688A002D8C4F /* Products */ = {
			isa = PBXGroup;
			children = (
				4F4E726C28B5688A002D8C4F /* ProductApp-Challenge.app */,
				4F6D112528BE9D2100541557 /* ProductApp-ChallengeTests.xctest */,
			);
			name = Products;
			sourceTree = "<group>";
		};
		4F4E726E28B5688A002D8C4F /* ProductApp-Challenge */ = {
			isa = PBXGroup;
			children = (
				4F182B8C28B6A4E1008790D2 /* NetworkService */,
				4F4E729728B57C0A002D8C4F /* Model */,
				4F4E728B28B56F4F002D8C4F /* Utility */,
				4F4E728328B568DA002D8C4F /* View */,
				4F4E726F28B5688A002D8C4F /* AppDelegate.swift */,
				4F4E727128B5688A002D8C4F /* SceneDelegate.swift */,
				4F4E727328B5688A002D8C4F /* ViewController.swift */,
				4F4E727528B5688A002D8C4F /* Main.storyboard */,
				4F4E727828B5688E002D8C4F /* Assets.xcassets */,
				4F4E727A28B5688E002D8C4F /* LaunchScreen.storyboard */,
				4F55B9D528BBFE2E00EF6EE4 /* GoogleService-Info.plist */,
				4F4E727D28B5688E002D8C4F /* Info.plist */,
			);
			path = "ProductApp-Challenge";
			sourceTree = "<group>";
		};
		4F4E728328B568DA002D8C4F /* View */ = {
			isa = PBXGroup;
			children = (
				4F55B9D728BC1D9100EF6EE4 /* Login */,
				4F182B9328B6A7C1008790D2 /* Home */,
				4F9202EA28B8054F00B22666 /* DetailProduct */,
			);
			path = View;
			sourceTree = "<group>";
		};
		4F4E728628B56D4C002D8C4F /* CustomCell */ = {
			isa = PBXGroup;
			children = (
				4F4E728F28B57687002D8C4F /* ProductViewCell.swift */,
				4F4E729028B57687002D8C4F /* ProductViewCell.xib */,
			);
			path = CustomCell;
			sourceTree = "<group>";
		};
		4F4E728B28B56F4F002D8C4F /* Utility */ = {
			isa = PBXGroup;
			children = (
				4F21BD9928BD7885008B755D /* Mock */,
				4F4E728C28B56F7C002D8C4F /* StyleCellView.swift */,
				4F21BD9A28BD78BB008B755D /* MockManager.swift */,
				4F21BD9E28BD79C0008B755D /* Utils.swift */,
			);
			path = Utility;
			sourceTree = "<group>";
		};
		4F4E729728B57C0A002D8C4F /* Model */ = {
			isa = PBXGroup;
			children = (
				4F4E729828B57C23002D8C4F /* ModelProduct.swift */,
			);
			path = Model;
			sourceTree = "<group>";
		};
		4F55B9D728BC1D9100EF6EE4 /* Login */ = {
			isa = PBXGroup;
			children = (
				4F55B9D828BC1DF000EF6EE4 /* LoginViewController.swift */,
			);
			path = Login;
			sourceTree = "<group>";
		};
		4F6D112628BE9D2100541557 /* ProductApp-ChallengeTests */ = {
			isa = PBXGroup;
			children = (
				4F6D112E28BE9E1600541557 /* HomePresenterTests.swift */,
			);
			path = "ProductApp-ChallengeTests";
			sourceTree = "<group>";
		};
		4F9202EA28B8054F00B22666 /* DetailProduct */ = {
			isa = PBXGroup;
			children = (
				4F4E729A28B57D25002D8C4F /* DetailProductViewController.swift */,
				4F4E729B28B57D25002D8C4F /* DetailProductViewController.xib */,
			);
			path = DetailProduct;
			sourceTree = "<group>";
		};
		65FBB252686432817793386B /* Pods */ = {
			isa = PBXGroup;
			children = (
				1D2691F7E5B374E0E5306EAE /* Pods-ProductApp-Challenge.debug.xcconfig */,
				4072CF40FA3F4B5C6E2242E8 /* Pods-ProductApp-Challenge.release.xcconfig */,
			);
			path = Pods;
			sourceTree = "<group>";
		};
		7166288ADE5F553DBED18722 /* Frameworks */ = {
			isa = PBXGroup;
			children = (
				413E0ED7E778189E8D584BDE /* Pods_ProductApp_Challenge.framework */,
			);
			name = Frameworks;
			sourceTree = "<group>";
		};
/* End PBXGroup section */

/* Begin PBXNativeTarget section */
		4F4E726B28B5688A002D8C4F /* ProductApp-Challenge */ = {
			isa = PBXNativeTarget;
			buildConfigurationList = 4F4E728028B5688E002D8C4F /* Build configuration list for PBXNativeTarget "ProductApp-Challenge" */;
			buildPhases = (
				B8EC7EB18FE3C68D982C5342 /* [CP] Check Pods Manifest.lock */,
				4F4E726828B5688A002D8C4F /* Sources */,
				4F4E726928B5688A002D8C4F /* Frameworks */,
				4F4E726A28B5688A002D8C4F /* Resources */,
				FCC736DBD6264A1F0525861B /* [CP] Embed Pods Frameworks */,
			);
			buildRules = (
			);
			dependencies = (
			);
			name = "ProductApp-Challenge";
			productName = "ProductApp-Challenge";
			productReference = 4F4E726C28B5688A002D8C4F /* ProductApp-Challenge.app */;
			productType = "com.apple.product-type.application";
		};
		4F6D112428BE9D2100541557 /* ProductApp-ChallengeTests */ = {
			isa = PBXNativeTarget;
			buildConfigurationList = 4F6D112D28BE9D2100541557 /* Build configuration list for PBXNativeTarget "ProductApp-ChallengeTests" */;
			buildPhases = (
				4F6D112128BE9D2100541557 /* Sources */,
				4F6D112228BE9D2100541557 /* Frameworks */,
				4F6D112328BE9D2100541557 /* Resources */,
			);
			buildRules = (
			);
			dependencies = (
				4F6D112A28BE9D2100541557 /* PBXTargetDependency */,
			);
			name = "ProductApp-ChallengeTests";
			productName = "ProductApp-ChallengeTests";
			productReference = 4F6D112528BE9D2100541557 /* ProductApp-ChallengeTests.xctest */;
			productType = "com.apple.product-type.bundle.unit-test";
		};
/* End PBXNativeTarget section */

/* Begin PBXProject section */
		4F4E726428B5688A002D8C4F /* Project object */ = {
			isa = PBXProject;
			attributes = {
				BuildIndependentTargetsInParallel = 1;
				LastSwiftUpdateCheck = 1320;
				LastUpgradeCheck = 1320;
				TargetAttributes = {
					4F4E726B28B5688A002D8C4F = {
						CreatedOnToolsVersion = 13.2.1;
					};
					4F6D112428BE9D2100541557 = {
						CreatedOnToolsVersion = 13.2.1;
						TestTargetID = 4F4E726B28B5688A002D8C4F;
					};
				};
			};
			buildConfigurationList = 4F4E726728B5688A002D8C4F /* Build configuration list for PBXProject "ProductApp-Challenge" */;
			compatibilityVersion = "Xcode 13.0";
			developmentRegion = en;
			hasScannedForEncodings = 0;
			knownRegions = (
				en,
				Base,
			);
			mainGroup = 4F4E726328B5688A002D8C4F;
			productRefGroup = 4F4E726D28B5688A002D8C4F /* Products */;
			projectDirPath = "";
			projectRoot = "";
			targets = (
				4F4E726B28B5688A002D8C4F /* ProductApp-Challenge */,
				4F6D112428BE9D2100541557 /* ProductApp-ChallengeTests */,
			);
		};
/* End PBXProject section */

/* Begin PBXResourcesBuildPhase section */
		4F4E726A28B5688A002D8C4F /* Resources */ = {
			isa = PBXResourcesBuildPhase;
			buildActionMask = 2147483647;
			files = (
				4F4E729228B57687002D8C4F /* ProductViewCell.xib in Resources */,
				4F55B9D628BBFE2F00EF6EE4 /* GoogleService-Info.plist in Resources */,
				4F4E727C28B5688E002D8C4F /* LaunchScreen.storyboard in Resources */,
				4F4E729D28B57D25002D8C4F /* DetailProductViewController.xib in Resources */,
				4F4E727928B5688E002D8C4F /* Assets.xcassets in Resources */,
				4F4E727728B5688A002D8C4F /* Main.storyboard in Resources */,
				4F182B8428B67687008790D2 /* drinks.json in Resources */,
			);
			runOnlyForDeploymentPostprocessing = 0;
		};
		4F6D112328BE9D2100541557 /* Resources */ = {
			isa = PBXResourcesBuildPhase;
			buildActionMask = 2147483647;
			files = (
			);
			runOnlyForDeploymentPostprocessing = 0;
		};
/* End PBXResourcesBuildPhase section */

/* Begin PBXShellScriptBuildPhase section */
		B8EC7EB18FE3C68D982C5342 /* [CP] Check Pods Manifest.lock */ = {
			isa = PBXShellScriptBuildPhase;
			buildActionMask = 2147483647;
			files = (
			);
			inputFileListPaths = (
			);
			inputPaths = (
				"${PODS_PODFILE_DIR_PATH}/Podfile.lock",
				"${PODS_ROOT}/Manifest.lock",
			);
			name = "[CP] Check Pods Manifest.lock";
			outputFileListPaths = (
			);
			outputPaths = (
				"$(DERIVED_FILE_DIR)/Pods-ProductApp-Challenge-checkManifestLockResult.txt",
			);
			runOnlyForDeploymentPostprocessing = 0;
			shellPath = /bin/sh;
			shellScript = "diff \"${PODS_PODFILE_DIR_PATH}/Podfile.lock\" \"${PODS_ROOT}/Manifest.lock\" > /dev/null\nif [ $? != 0 ] ; then\n    # print error to STDERR\n    echo \"error: The sandbox is not in sync with the Podfile.lock. Run 'pod install' or update your CocoaPods installation.\" >&2\n    exit 1\nfi\n# This output is used by Xcode 'outputs' to avoid re-running this script phase.\necho \"SUCCESS\" > \"${SCRIPT_OUTPUT_FILE_0}\"\n";
			showEnvVarsInLog = 0;
		};
		FCC736DBD6264A1F0525861B /* [CP] Embed Pods Frameworks */ = {
			isa = PBXShellScriptBuildPhase;
			buildActionMask = 2147483647;
			files = (
			);
			inputFileListPaths = (
				"${PODS_ROOT}/Target Support Files/Pods-ProductApp-Challenge/Pods-ProductApp-Challenge-frameworks-${CONFIGURATION}-input-files.xcfilelist",
			);
			name = "[CP] Embed Pods Frameworks";
			outputFileListPaths = (
				"${PODS_ROOT}/Target Support Files/Pods-ProductApp-Challenge/Pods-ProductApp-Challenge-frameworks-${CONFIGURATION}-output-files.xcfilelist",
			);
			runOnlyForDeploymentPostprocessing = 0;
			shellPath = /bin/sh;
			shellScript = "\"${PODS_ROOT}/Target Support Files/Pods-ProductApp-Challenge/Pods-ProductApp-Challenge-frameworks.sh\"\n";
			showEnvVarsInLog = 0;
		};
/* End PBXShellScriptBuildPhase section */

/* Begin PBXSourcesBuildPhase section */
		4F4E726828B5688A002D8C4F /* Sources */ = {
			isa = PBXSourcesBuildPhase;
			buildActionMask = 2147483647;
			files = (
				4F4E729128B57687002D8C4F /* ProductViewCell.swift in Sources */,
				4F4E728D28B56F7C002D8C4F /* StyleCellView.swift in Sources */,
				4F4E727428B5688A002D8C4F /* ViewController.swift in Sources */,
				4F182B9B28B6A840008790D2 /* HomeProvider.swift in Sources */,
				4F4E729528B578A3002D8C4F /* HomeViewController.swift in Sources */,
				4F55B9D928BC1DF000EF6EE4 /* LoginViewController.swift in Sources */,
				4F182B9228B6A54A008790D2 /* RequestModel.swift in Sources */,
				4F4E729928B57C23002D8C4F /* ModelProduct.swift in Sources */,
				4F182B9028B6A536008790D2 /* NetworkError.swift in Sources */,
				4F182B9828B6A822008790D2 /* HomePresenter.swift in Sources */,
				4F4E727028B5688A002D8C4F /* AppDelegate.swift in Sources */,
				4F21BD9F28BD79C0008B755D /* Utils.swift in Sources */,
				4F4E727228B5688A002D8C4F /* SceneDelegate.swift in Sources */,
				4F21BD9B28BD78BB008B755D /* MockManager.swift in Sources */,
				4F4E729C28B57D25002D8C4F /* DetailProductViewController.swift in Sources */,
				4F182B8E28B6A4FE008790D2 /* ServiceLayer.swift in Sources */,
				4F21BD9D28BD791D008B755D /* HomeProviderMock.swift in Sources */,
			);
			runOnlyForDeploymentPostprocessing = 0;
		};
		4F6D112128BE9D2100541557 /* Sources */ = {
			isa = PBXSourcesBuildPhase;
			buildActionMask = 2147483647;
			files = (
				4F6D112F28BE9E1600541557 /* HomePresenterTests.swift in Sources */,
			);
			runOnlyForDeploymentPostprocessing = 0;
		};
/* End PBXSourcesBuildPhase section */

/* Begin PBXTargetDependency section */
		4F6D112A28BE9D2100541557 /* PBXTargetDependency */ = {
			isa = PBXTargetDependency;
			target = 4F4E726B28B5688A002D8C4F /* ProductApp-Challenge */;
			targetProxy = 4F6D112928BE9D2100541557 /* PBXContainerItemProxy */;
		};
/* End PBXTargetDependency section */

/* Begin PBXVariantGroup section */
		4F4E727528B5688A002D8C4F /* Main.storyboard */ = {
			isa = PBXVariantGroup;
			children = (
				4F4E727628B5688A002D8C4F /* Base */,
			);
			name = Main.storyboard;
			sourceTree = "<group>";
		};
		4F4E727A28B5688E002D8C4F /* LaunchScreen.storyboard */ = {
			isa = PBXVariantGroup;
			children = (
				4F4E727B28B5688E002D8C4F /* Base */,
			);
			name = LaunchScreen.storyboard;
			sourceTree = "<group>";
		};
/* End PBXVariantGroup section */

/* Begin XCBuildConfiguration section */
		4F4E727E28B5688E002D8C4F /* Debug */ = {
			isa = XCBuildConfiguration;
			buildSettings = {
				ALWAYS_SEARCH_USER_PATHS = NO;
				CLANG_ANALYZER_NONNULL = YES;
				CLANG_ANALYZER_NUMBER_OBJECT_CONVERSION = YES_AGGRESSIVE;
				CLANG_CXX_LANGUAGE_STANDARD = "gnu++17";
				CLANG_CXX_LIBRARY = "libc++";
				CLANG_ENABLE_MODULES = YES;
				CLANG_ENABLE_OBJC_ARC = YES;
				CLANG_ENABLE_OBJC_WEAK = YES;
				CLANG_WARN_BLOCK_CAPTURE_AUTORELEASING = YES;
				CLANG_WARN_BOOL_CONVERSION = YES;
				CLANG_WARN_COMMA = YES;
				CLANG_WARN_CONSTANT_CONVERSION = YES;
				CLANG_WARN_DEPRECATED_OBJC_IMPLEMENTATIONS = YES;
				CLANG_WARN_DIRECT_OBJC_ISA_USAGE = YES_ERROR;
				CLANG_WARN_DOCUMENTATION_COMMENTS = YES;
				CLANG_WARN_EMPTY_BODY = YES;
				CLANG_WARN_ENUM_CONVERSION = YES;
				CLANG_WARN_INFINITE_RECURSION = YES;
				CLANG_WARN_INT_CONVERSION = YES;
				CLANG_WARN_NON_LITERAL_NULL_CONVERSION = YES;
				CLANG_WARN_OBJC_IMPLICIT_RETAIN_SELF = YES;
				CLANG_WARN_OBJC_LITERAL_CONVERSION = YES;
				CLANG_WARN_OBJC_ROOT_CLASS = YES_ERROR;
				CLANG_WARN_QUOTED_INCLUDE_IN_FRAMEWORK_HEADER = YES;
				CLANG_WARN_RANGE_LOOP_ANALYSIS = YES;
				CLANG_WARN_STRICT_PROTOTYPES = YES;
				CLANG_WARN_SUSPICIOUS_MOVE = YES;
				CLANG_WARN_UNGUARDED_AVAILABILITY = YES_AGGRESSIVE;
				CLANG_WARN_UNREACHABLE_CODE = YES;
				CLANG_WARN__DUPLICATE_METHOD_MATCH = YES;
				COPY_PHASE_STRIP = NO;
				DEBUG_INFORMATION_FORMAT = dwarf;
				ENABLE_STRICT_OBJC_MSGSEND = YES;
				ENABLE_TESTABILITY = YES;
				GCC_C_LANGUAGE_STANDARD = gnu11;
				GCC_DYNAMIC_NO_PIC = NO;
				GCC_NO_COMMON_BLOCKS = YES;
				GCC_OPTIMIZATION_LEVEL = 0;
				GCC_PREPROCESSOR_DEFINITIONS = (
					"DEBUG=1",
					"$(inherited)",
				);
				GCC_WARN_64_TO_32_BIT_CONVERSION = YES;
				GCC_WARN_ABOUT_RETURN_TYPE = YES_ERROR;
				GCC_WARN_UNDECLARED_SELECTOR = YES;
				GCC_WARN_UNINITIALIZED_AUTOS = YES_AGGRESSIVE;
				GCC_WARN_UNUSED_FUNCTION = YES;
				GCC_WARN_UNUSED_VARIABLE = YES;
				IPHONEOS_DEPLOYMENT_TARGET = 15.2;
				MTL_ENABLE_DEBUG_INFO = INCLUDE_SOURCE;
				MTL_FAST_MATH = YES;
				ONLY_ACTIVE_ARCH = YES;
				SDKROOT = iphoneos;
				SWIFT_ACTIVE_COMPILATION_CONDITIONS = DEBUG;
				SWIFT_OPTIMIZATION_LEVEL = "-Onone";
			};
			name = Debug;
		};
		4F4E727F28B5688E002D8C4F /* Release */ = {
			isa = XCBuildConfiguration;
			buildSettings = {
				ALWAYS_SEARCH_USER_PATHS = NO;
				CLANG_ANALYZER_NONNULL = YES;
				CLANG_ANALYZER_NUMBER_OBJECT_CONVERSION = YES_AGGRESSIVE;
				CLANG_CXX_LANGUAGE_STANDARD = "gnu++17";
				CLANG_CXX_LIBRARY = "libc++";
				CLANG_ENABLE_MODULES = YES;
				CLANG_ENABLE_OBJC_ARC = YES;
				CLANG_ENABLE_OBJC_WEAK = YES;
				CLANG_WARN_BLOCK_CAPTURE_AUTORELEASING = YES;
				CLANG_WARN_BOOL_CONVERSION = YES;
				CLANG_WARN_COMMA = YES;
				CLANG_WARN_CONSTANT_CONVERSION = YES;
				CLANG_WARN_DEPRECATED_OBJC_IMPLEMENTATIONS = YES;
				CLANG_WARN_DIRECT_OBJC_ISA_USAGE = YES_ERROR;
				CLANG_WARN_DOCUMENTATION_COMMENTS = YES;
				CLANG_WARN_EMPTY_BODY = YES;
				CLANG_WARN_ENUM_CONVERSION = YES;
				CLANG_WARN_INFINITE_RECURSION = YES;
				CLANG_WARN_INT_CONVERSION = YES;
				CLANG_WARN_NON_LITERAL_NULL_CONVERSION = YES;
				CLANG_WARN_OBJC_IMPLICIT_RETAIN_SELF = YES;
				CLANG_WARN_OBJC_LITERAL_CONVERSION = YES;
				CLANG_WARN_OBJC_ROOT_CLASS = YES_ERROR;
				CLANG_WARN_QUOTED_INCLUDE_IN_FRAMEWORK_HEADER = YES;
				CLANG_WARN_RANGE_LOOP_ANALYSIS = YES;
				CLANG_WARN_STRICT_PROTOTYPES = YES;
				CLANG_WARN_SUSPICIOUS_MOVE = YES;
				CLANG_WARN_UNGUARDED_AVAILABILITY = YES_AGGRESSIVE;
				CLANG_WARN_UNREACHABLE_CODE = YES;
				CLANG_WARN__DUPLICATE_METHOD_MATCH = YES;
				COPY_PHASE_STRIP = NO;
				DEBUG_INFORMATION_FORMAT = "dwarf-with-dsym";
				ENABLE_NS_ASSERTIONS = NO;
				ENABLE_STRICT_OBJC_MSGSEND = YES;
				GCC_C_LANGUAGE_STANDARD = gnu11;
				GCC_NO_COMMON_BLOCKS = YES;
				GCC_WARN_64_TO_32_BIT_CONVERSION = YES;
				GCC_WARN_ABOUT_RETURN_TYPE = YES_ERROR;
				GCC_WARN_UNDECLARED_SELECTOR = YES;
				GCC_WARN_UNINITIALIZED_AUTOS = YES_AGGRESSIVE;
				GCC_WARN_UNUSED_FUNCTION = YES;
				GCC_WARN_UNUSED_VARIABLE = YES;
				IPHONEOS_DEPLOYMENT_TARGET = 15.2;
				MTL_ENABLE_DEBUG_INFO = NO;
				MTL_FAST_MATH = YES;
				SDKROOT = iphoneos;
				SWIFT_COMPILATION_MODE = wholemodule;
				SWIFT_OPTIMIZATION_LEVEL = "-O";
				VALIDATE_PRODUCT = YES;
			};
			name = Release;
		};
		4F4E728128B5688E002D8C4F /* Debug */ = {
			isa = XCBuildConfiguration;
			baseConfigurationReference = 1D2691F7E5B374E0E5306EAE /* Pods-ProductApp-Challenge.debug.xcconfig */;
			buildSettings = {
				ASSETCATALOG_COMPILER_APPICON_NAME = AppIcon;
				ASSETCATALOG_COMPILER_GLOBAL_ACCENT_COLOR_NAME = AccentColor;
				CODE_SIGN_STYLE = Automatic;
				CURRENT_PROJECT_VERSION = 1;
				GENERATE_INFOPLIST_FILE = YES;
				INFOPLIST_FILE = "ProductApp-Challenge/Info.plist";
				INFOPLIST_KEY_UIApplicationSupportsIndirectInputEvents = YES;
				INFOPLIST_KEY_UILaunchStoryboardName = LaunchScreen;
				INFOPLIST_KEY_UIMainStoryboardFile = Main;
				INFOPLIST_KEY_UISupportedInterfaceOrientations_iPad = "UIInterfaceOrientationPortrait UIInterfaceOrientationPortraitUpsideDown UIInterfaceOrientationLandscapeLeft UIInterfaceOrientationLandscapeRight";
				INFOPLIST_KEY_UISupportedInterfaceOrientations_iPhone = "UIInterfaceOrientationPortrait UIInterfaceOrientationLandscapeLeft UIInterfaceOrientationLandscapeRight";
				LD_RUNPATH_SEARCH_PATHS = (
					"$(inherited)",
					"@executable_path/Frameworks",
				);
				MARKETING_VERSION = 1.0;
				PRODUCT_BUNDLE_IDENTIFIER = "valeroIvan.ProductApp-Challenge";
				PRODUCT_NAME = "$(TARGET_NAME)";
				SWIFT_EMIT_LOC_STRINGS = YES;
				SWIFT_VERSION = 5.0;
				TARGETED_DEVICE_FAMILY = "1,2";
			};
			name = Debug;
		};
		4F4E728228B5688E002D8C4F /* Release */ = {
			isa = XCBuildConfiguration;
			baseConfigurationReference = 4072CF40FA3F4B5C6E2242E8 /* Pods-ProductApp-Challenge.release.xcconfig */;
			buildSettings = {
				ASSETCATALOG_COMPILER_APPICON_NAME = AppIcon;
				ASSETCATALOG_COMPILER_GLOBAL_ACCENT_COLOR_NAME = AccentColor;
				CODE_SIGN_STYLE = Automatic;
				CURRENT_PROJECT_VERSION = 1;
				GENERATE_INFOPLIST_FILE = YES;
				INFOPLIST_FILE = "ProductApp-Challenge/Info.plist";
				INFOPLIST_KEY_UIApplicationSupportsIndirectInputEvents = YES;
				INFOPLIST_KEY_UILaunchStoryboardName = LaunchScreen;
				INFOPLIST_KEY_UIMainStoryboardFile = Main;
				INFOPLIST_KEY_UISupportedInterfaceOrientations_iPad = "UIInterfaceOrientationPortrait UIInterfaceOrientationPortraitUpsideDown UIInterfaceOrientationLandscapeLeft UIInterfaceOrientationLandscapeRight";
				INFOPLIST_KEY_UISupportedInterfaceOrientations_iPhone = "UIInterfaceOrientationPortrait UIInterfaceOrientationLandscapeLeft UIInterfaceOrientationLandscapeRight";
				LD_RUNPATH_SEARCH_PATHS = (
					"$(inherited)",
					"@executable_path/Frameworks",
				);
				MARKETING_VERSION = 1.0;
				PRODUCT_BUNDLE_IDENTIFIER = "valeroIvan.ProductApp-Challenge";
				PRODUCT_NAME = "$(TARGET_NAME)";
				SWIFT_EMIT_LOC_STRINGS = YES;
				SWIFT_VERSION = 5.0;
				TARGETED_DEVICE_FAMILY = "1,2";
			};
			name = Release;
		};
		4F6D112B28BE9D2100541557 /* Debug */ = {
			isa = XCBuildConfiguration;
			buildSettings = {
				BUNDLE_LOADER = "$(TEST_HOST)";
				CODE_SIGN_STYLE = Automatic;
				CURRENT_PROJECT_VERSION = 1;
				GENERATE_INFOPLIST_FILE = YES;
				MARKETING_VERSION = 1.0;
				PRODUCT_BUNDLE_IDENTIFIER = "valeroIvan.ProductApp-ChallengeTests";
				PRODUCT_NAME = "$(TARGET_NAME)";
				SWIFT_EMIT_LOC_STRINGS = NO;
				SWIFT_VERSION = 5.0;
				TARGETED_DEVICE_FAMILY = "1,2";
				TEST_HOST = "$(BUILT_PRODUCTS_DIR)/ProductApp-Challenge.app/ProductApp-Challenge";
			};
			name = Debug;
		};
		4F6D112C28BE9D2100541557 /* Release */ = {
			isa = XCBuildConfiguration;
			buildSettings = {
				BUNDLE_LOADER = "$(TEST_HOST)";
				CODE_SIGN_STYLE = Automatic;
				CURRENT_PROJECT_VERSION = 1;
				GENERATE_INFOPLIST_FILE = YES;
				MARKETING_VERSION = 1.0;
				PRODUCT_BUNDLE_IDENTIFIER = "valeroIvan.ProductApp-ChallengeTests";
				PRODUCT_NAME = "$(TARGET_NAME)";
				SWIFT_EMIT_LOC_STRINGS = NO;
				SWIFT_VERSION = 5.0;
				TARGETED_DEVICE_FAMILY = "1,2";
				TEST_HOST = "$(BUILT_PRODUCTS_DIR)/ProductApp-Challenge.app/ProductApp-Challenge";
			};
			name = Release;
		};
/* End XCBuildConfiguration section */

/* Begin XCConfigurationList section */
		4F4E726728B5688A002D8C4F /* Build configuration list for PBXProject "ProductApp-Challenge" */ = {
			isa = XCConfigurationList;
			buildConfigurations = (
				4F4E727E28B5688E002D8C4F /* Debug */,
				4F4E727F28B5688E002D8C4F /* Release */,
			);
			defaultConfigurationIsVisible = 0;
			defaultConfigurationName = Release;
		};
		4F4E728028B5688E002D8C4F /* Build configuration list for PBXNativeTarget "ProductApp-Challenge" */ = {
			isa = XCConfigurationList;
			buildConfigurations = (
				4F4E728128B5688E002D8C4F /* Debug */,
				4F4E728228B5688E002D8C4F /* Release */,
			);
			defaultConfigurationIsVisible = 0;
			defaultConfigurationName = Release;
		};
		4F6D112D28BE9D2100541557 /* Build configuration list for PBXNativeTarget "ProductApp-ChallengeTests" */ = {
			isa = XCConfigurationList;
			buildConfigurations = (
				4F6D112B28BE9D2100541557 /* Debug */,
				4F6D112C28BE9D2100541557 /* Release */,
			);
			defaultConfigurationIsVisible = 0;
			defaultConfigurationName = Release;
		};
/* End XCConfigurationList section */
	};
	rootObject = 4F4E726428B5688A002D8C4F /* Project object */;
}
